
Microsoft Visual Studio Solution File, Format Version 12.00
# Visual Studio Version 17
VisualStudioVersion = 17.7.34018.315
MinimumVisualStudioVersion = 10.0.40219.1
Project("{9A19103F-16F7-4668-BE54-9A1E7A4F7556}") = "BussinesApplication.WebAPI.Api", "BussinesApplication\BussinesApplication.WebAPI.Api.csproj", "{A020C138-3C27-4C30-8117-F33A0A7983E6}"
EndProject
Project("{FAE04EC0-301F-11D3-BF4B-00C04F79EFBC}") = "BussinesApplication.WebAPI.Entities", "BussinessApplication.WevAPI.Entities\BussinesApplication.WebAPI.Entities.csproj", "{E42EB38D-1978-4AC8-A879-BC7C549AB2F8}"
EndProject
Project("{FAE04EC0-301F-11D3-BF4B-00C04F79EFBC}") = "BussinesApplication.WebAPI.DataAcces", "BussinesApplication.WebAPI.DataAcces\BussinesApplication.WebAPI.DataAcces.csproj", "{1AC85F4D-E3F7-43D6-AE50-6744BE4872CD}"
EndProject
Project("{FAE04EC0-301F-11D3-BF4B-00C04F79EFBC}") = "BussinesApplication.WebAPI.Bussines", "BussinessApplication.WebAPI.Bussines\BussinesApplication.WebAPI.Bussines.csproj", "{25672915-B3F8-4047-B547-71E2E1B77B0D}"
EndProject
Global
	GlobalSection(SolutionConfigurationPlatforms) = preSolution
		Debug|Any CPU = Debug|Any CPU
		Release|Any CPU = Release|Any CPU
	EndGlobalSection
	GlobalSection(ProjectConfigurationPlatforms) = postSolution
		{A020C138-3C27-4C30-8117-F33A0A7983E6}.Debug|Any CPU.ActiveCfg = Debug|Any CPU
		{A020C138-3C27-4C30-8117-F33A0A7983E6}.Debug|Any CPU.Build.0 = Debug|Any CPU
		{A020C138-3C27-4C30-8117-F33A0A7983E6}.Release|Any CPU.ActiveCfg = Release|Any CPU
		{A020C138-3C27-4C30-8117-F33A0A7983E6}.Release|Any CPU.Build.0 = Release|Any CPU
		{E42EB38D-1978-4AC8-A879-BC7C549AB2F8}.Debug|Any CPU.ActiveCfg = Debug|Any CPU
		{E42EB38D-1978-4AC8-A879-BC7C549AB2F8}.Debug|Any CPU.Build.0 = Debug|Any CPU
		{E42EB38D-1978-4AC8-A879-BC7C549AB2F8}.Release|Any CPU.ActiveCfg = Release|Any CPU
		{E42EB38D-1978-4AC8-A879-BC7C549AB2F8}.Release|Any CPU.Build.0 = Release|Any CPU
		{1AC85F4D-E3F7-43D6-AE50-6744BE4872CD}.Debug|Any CPU.ActiveCfg = Debug|Any CPU
		{1AC85F4D-E3F7-43D6-AE50-6744BE4872CD}.Debug|Any CPU.Build.0 = Debug|Any CPU
		{1AC85F4D-E3F7-43D6-AE50-6744BE4872CD}.Release|Any CPU.ActiveCfg = Release|Any CPU
		{1AC85F4D-E3F7-43D6-AE50-6744BE4872CD}.Release|Any CPU.Build.0 = Release|Any CPU
		{25672915-B3F8-4047-B547-71E2E1B77B0D}.Debug|Any CPU.ActiveCfg = Debug|Any CPU
		{25672915-B3F8-4047-B547-71E2E1B77B0D}.Debug|Any CPU.Build.0 = Debug|Any CPU
		{25672915-B3F8-4047-B547-71E2E1B77B0D}.Release|Any CPU.ActiveCfg = Release|Any CPU
		{25672915-B3F8-4047-B547-71E2E1B77B0D}.Release|Any CPU.Build.0 = Release|Any CPU
	EndGlobalSection
	GlobalSection(SolutionProperties) = preSolution
		HideSolutionNode = FALSE
	EndGlobalSection
	GlobalSection(ExtensibilityGlobals) = postSolution
		SolutionGuid = {616A8D1E-8240-4F96-AE2F-A0559815A430}
	EndGlobalSection
EndGlobal
