{
  "name": "AdisyonUygulamasi",
  "lockfileVersion": 3,
  "requires": true,
  "packages": {
    "": {
      "dependencies": {
        "@angular/animations": "^19.0.5",
        "@angular/cdk": "^19.0.4",
        "@angular/material": "^19.0.4",
        "@angular/router": "^19.0.5",
        "ngx-chips": "^3.0.0",
        "screenfull": "^6.0.2"
      },
      "devDependencies": {
        "typescript": "^5.7.2"
      }
    },
    "node_modules/@angular/animations": {
      "version": "19.0.5",
      "resolved": "https://registry.npmjs.org/@angular/animations/-/animations-19.0.5.tgz",
      "integrity": "sha512-HCOF2CrhUvjoZWusd4nh32VOxpUrg6bV+3Z8Q36Ix3aZdni8v0qoP2rl5wGbotaPtYg5RtyDH60Z2AOPKqlrZg==",
      "license": "MIT",
      "dependencies": {
        "tslib": "^2.3.0"
      },
      "engines": {
        "node": "^18.19.1 || ^20.11.1 || >=22.0.0"
      },
      "peerDependencies": {
        "@angular/core": "19.0.5"
      }
    },
    "node_modules/@angular/cdk": {
      "version": "19.0.4",
      "resolved": "https://registry.npmjs.org/@angular/cdk/-/cdk-19.0.4.tgz",
      "integrity": "sha512-P8V1n6AFFjBUJG3YRgw8DiiNDWPZVrwQ42wbwgZxd4s2TQAuNFg3YY8h/DSMVxt2sXpavrshZsoLtP9yLKZjHA==",
      "license": "MIT",
      "dependencies": {
        "tslib": "^2.3.0"
      },
      "optionalDependencies": {
        "parse5": "^7.1.2"
      },
      "peerDependencies": {
        "@angular/common": "^19.0.0 || ^20.0.0",
        "@angular/core": "^19.0.0 || ^20.0.0",
        "rxjs": "^6.5.3 || ^7.4.0"
      }
    },
    "node_modules/@angular/common": {
      "version": "19.0.5",
      "resolved": "https://registry.npmjs.org/@angular/common/-/common-19.0.5.tgz",
      "integrity": "sha512-fFK+euCj1AjBHBCpj9VnduMSeqoMRhZZHbhPYiND7tucRRJ8vwGU0sYK2KI/Ko+fsrNIXL/0O4F36jVPl09Smg==",
      "license": "MIT",
      "peer": true,
      "dependencies": {
        "tslib": "^2.3.0"
      },
      "engines": {
        "node": "^18.19.1 || ^20.11.1 || >=22.0.0"
      },
      "peerDependencies": {
        "@angular/core": "19.0.5",
        "rxjs": "^6.5.3 || ^7.4.0"
      }
    },
    "node_modules/@angular/compiler": {
      "version": "19.0.5",
      "resolved": "https://registry.npmjs.org/@angular/compiler/-/compiler-19.0.5.tgz",
      "integrity": "sha512-S8ku5Ljp0kqX3shfmE9DVo09629jeYJSlBRGbj2Glb92dd+VQZPOz7KxqKRTwmAl7lQIV/+4Lr6G/GVTsoC4vg==",
      "license": "MIT",
      "peer": true,
      "dependencies": {
        "tslib": "^2.3.0"
      },
      "engines": {
        "node": "^18.19.1 || ^20.11.1 || >=22.0.0"
      },
      "peerDependencies": {
        "@angular/core": "19.0.5"
      },
      "peerDependenciesMeta": {
        "@angular/core": {
          "optional": true
        }
      }
    },
    "node_modules/@angular/core": {
      "version": "19.0.5",
      "resolved": "https://registry.npmjs.org/@angular/core/-/core-19.0.5.tgz",
      "integrity": "sha512-Ywc6sPO6G/Y1stfk3y/MallV/h0yzQ0vdOHRWueLrk5kD1DTdbolV4X03Cs3PuVvravgcSVE3nnuuHFuH32emQ==",
      "license": "MIT",
      "peer": true,
      "dependencies": {
        "tslib": "^2.3.0"
      },
      "engines": {
        "node": "^18.19.1 || ^20.11.1 || >=22.0.0"
      },
      "peerDependencies": {
        "rxjs": "^6.5.3 || ^7.4.0",
        "zone.js": "~0.15.0"
      }
    },
    "node_modules/@angular/forms": {
      "version": "19.0.5",
      "resolved": "https://registry.npmjs.org/@angular/forms/-/forms-19.0.5.tgz",
      "integrity": "sha512-OhNFkfOoguqCDq07vNBV28FFrmTM8S11Z3Cd6PQZJJF9TgAtpV5KtF7A3eXBCN92W4pmqluomPjfK7YyImzIYQ==",
      "license": "MIT",
      "peer": true,
      "dependencies": {
        "tslib": "^2.3.0"
      },
      "engines": {
        "node": "^18.19.1 || ^20.11.1 || >=22.0.0"
      },
      "peerDependencies": {
        "@angular/common": "19.0.5",
        "@angular/core": "19.0.5",
        "@angular/platform-browser": "19.0.5",
        "rxjs": "^6.5.3 || ^7.4.0"
      }
    },
    "node_modules/@angular/material": {
      "version": "19.0.4",
      "resolved": "https://registry.npmjs.org/@angular/material/-/material-19.0.4.tgz",
      "integrity": "sha512-8WRMbN1+oRXx1ZFLni+BRz60F4FWzJPFORsQ8qAvY3sHWzyjunsYZkpbze3uiZO6bu3hiyQCU6g+k/58Qc6kkw==",
      "license": "MIT",
      "dependencies": {
        "tslib": "^2.3.0"
      },
      "peerDependencies": {
        "@angular/animations": "^19.0.0 || ^20.0.0",
        "@angular/cdk": "19.0.4",
        "@angular/common": "^19.0.0 || ^20.0.0",
        "@angular/core": "^19.0.0 || ^20.0.0",
        "@angular/forms": "^19.0.0 || ^20.0.0",
        "@angular/platform-browser": "^19.0.0 || ^20.0.0",
        "rxjs": "^6.5.3 || ^7.4.0"
      }
    },
    "node_modules/@angular/platform-browser": {
      "version": "19.0.5",
      "resolved": "https://registry.npmjs.org/@angular/platform-browser/-/platform-browser-19.0.5.tgz",
      "integrity": "sha512-41+Jo5DEil4Ifvv+UE/p1l9YJtYN+xfhx+/C9cahVgvV5D2q+givyK73d0Mnb6XOfe1q+hoV5lZ+XhQYp21//g==",
      "license": "MIT",
      "peer": true,
      "dependencies": {
        "tslib": "^2.3.0"
      },
      "engines": {
        "node": "^18.19.1 || ^20.11.1 || >=22.0.0"
      },
      "peerDependencies": {
        "@angular/animations": "19.0.5",
        "@angular/common": "19.0.5",
        "@angular/core": "19.0.5"
      },
      "peerDependenciesMeta": {
        "@angular/animations": {
          "optional": true
        }
      }
    },
    "node_modules/@angular/router": {
      "version": "19.0.5",
      "resolved": "https://registry.npmjs.org/@angular/router/-/router-19.0.5.tgz",
      "integrity": "sha512-6tNubVVj/rRyTg+OXjQxACfufvCLHAwDQtv9wqt6q/3OYSnysHTik3ho3FaFPwu7fXJ+6p9Rjzkh2VY9QMk4bw==",
      "license": "MIT",
      "dependencies": {
        "tslib": "^2.3.0"
      },
      "engines": {
        "node": "^18.19.1 || ^20.11.1 || >=22.0.0"
      },
      "peerDependencies": {
        "@angular/common": "19.0.5",
        "@angular/core": "19.0.5",
        "@angular/platform-browser": "19.0.5",
        "rxjs": "^6.5.3 || ^7.4.0"
      }
    },
    "node_modules/entities": {
      "version": "4.5.0",
      "resolved": "https://registry.npmjs.org/entities/-/entities-4.5.0.tgz",
      "integrity": "sha512-V0hjH4dGPh9Ao5p0MoRY6BVqtwCjhz6vI5LT8AJ55H+4g9/4vbHx1I54fS0XuclLhDHArPQCiMjDxjaL8fPxhw==",
      "license": "BSD-2-Clause",
      "optional": true,
      "engines": {
        "node": ">=0.12"
      },
      "funding": {
        "url": "https://github.com/fb55/entities?sponsor=1"
      }
    },
    "node_modules/ng2-material-dropdown": {
      "version": "1.0.0",
      "resolved": "https://registry.npmjs.org/ng2-material-dropdown/-/ng2-material-dropdown-1.0.0.tgz",
      "integrity": "sha512-waKgEkKQwGZT0dqRAd3ZW+wueYs5Xw9owiPBSMdg5jru5DcKDpUqFaADMqqI7HPuzJCxNJSln6nXX1tMYDbXGA==",
      "license": "MIT",
      "dependencies": {
        "tslib": "^2.0.0"
      }
    },
    "node_modules/ngx-chips": {
      "version": "3.0.0",
      "resolved": "https://registry.npmjs.org/ngx-chips/-/ngx-chips-3.0.0.tgz",
      "integrity": "sha512-hBJg4m9kCtCfersQef7vr2Ve6j9ntFSoB5ktF8MyOQnpONAriIp46c3Tb2wdf/lMEB2Xmc45snfJKnxKh3zimg==",
      "license": "MIT",
      "dependencies": {
        "ng2-material-dropdown": ">=1.0.0",
        "tslib": "^2.3.0"
      },
      "peerDependencies": {
        "@angular/animations": ">=10.1.5",
        "@angular/common": ">=10.1.5",
        "@angular/compiler": ">=10.1.5",
        "@angular/core": ">=10.1.5",
        "@angular/forms": ">=10.1.5"
      }
    },
    "node_modules/parse5": {
      "version": "7.2.1",
      "resolved": "https://registry.npmjs.org/parse5/-/parse5-7.2.1.tgz",
      "integrity": "sha512-BuBYQYlv1ckiPdQi/ohiivi9Sagc9JG+Ozs0r7b/0iK3sKmrb0b9FdWdBbOdx6hBCM/F9Ir82ofnBhtZOjCRPQ==",
      "license": "MIT",
      "optional": true,
      "dependencies": {
        "entities": "^4.5.0"
      },
      "funding": {
        "url": "https://github.com/inikulin/parse5?sponsor=1"
      }
    },
    "node_modules/rxjs": {
      "version": "7.8.1",
      "resolved": "https://registry.npmjs.org/rxjs/-/rxjs-7.8.1.tgz",
      "integrity": "sha512-AA3TVj+0A2iuIoQkWEK/tqFjBq2j+6PO6Y0zJcvzLAFhEFIO3HL0vls9hWLncZbAAbK0mar7oZ4V079I/qPMxg==",
      "license": "Apache-2.0",
      "peer": true,
      "dependencies": {
        "tslib": "^2.1.0"
      }
    },
    "node_modules/screenfull": {
      "version": "6.0.2",
      "resolved": "https://registry.npmjs.org/screenfull/-/screenfull-6.0.2.tgz",
      "integrity": "sha512-AQdy8s4WhNvUZ6P8F6PB21tSPIYKniic+Ogx0AacBMjKP1GUHN2E9URxQHtCusiwxudnCKkdy4GrHXPPJSkCCw==",
      "license": "MIT",
      "engines": {
        "node": "^14.13.1 || >=16.0.0"
      },
      "funding": {
        "url": "https://github.com/sponsors/sindresorhus"
      }
    },
    "node_modules/tslib": {
      "version": "2.8.1",
      "resolved": "https://registry.npmjs.org/tslib/-/tslib-2.8.1.tgz",
      "integrity": "sha512-oJFu94HQb+KVduSUQL7wnpmqnfmLsOA/nAh6b6EH0wCEoK0/mPeXU6c3wKDV83MkOuHPRHtSXKKU99IBazS/2w==",
      "license": "0BSD"
    },
    "node_modules/typescript": {
      "version": "5.7.2",
      "resolved": "https://registry.npmjs.org/typescript/-/typescript-5.7.2.tgz",
      "integrity": "sha512-i5t66RHxDvVN40HfDd1PsEThGNnlMCMT3jMUuoh9/0TaqWevNontacunWyN02LA9/fIbEWlcHZcgTKb9QoaLfg==",
      "dev": true,
      "license": "Apache-2.0",
      "bin": {
        "tsc": "bin/tsc",
        "tsserver": "bin/tsserver"
      },
      "engines": {
        "node": ">=14.17"
      }
    },
    "node_modules/zone.js": {
      "version": "0.15.0",
      "resolved": "https://registry.npmjs.org/zone.js/-/zone.js-0.15.0.tgz",
      "integrity": "sha512-9oxn0IIjbCZkJ67L+LkhYWRyAy7axphb3VgE2MBDlOqnmHMPWGYMxJxBYFueFq/JGY2GMwS0rU+UCLunEmy5UA==",
      "license": "MIT",
      "peer": true
    }
  }
}
